
Microsoft Visual Studio Solution File, Format Version 12.00
Project("{FAE04EC0-301F-11D3-BF4B-00C04F79EFBC}") = "Controller", "Controller\Controller.csproj", "{B7898535-4859-4A1E-8384-ED89A69A316F}"
EndProject
Project("{FAE04EC0-301F-11D3-BF4B-00C04F79EFBC}") = "Infrastructure", "Infrastructure\Infrastructure.csproj", "{C44F583A-7DDE-45BD-B9A0-D784F9E43502}"
EndProject
Project("{FAE04EC0-301F-11D3-BF4B-00C04F79EFBC}") = "Application", "Application\Application.csproj", "{379BCBE3-A69E-4FF7-A889-F174E76C7D7A}"
EndProject
Project("{FAE04EC0-301F-11D3-BF4B-00C04F79EFBC}") = "Domain", "Domain\Domain.csproj", "{A73CB702-AE9C-489F-91DF-321164DEC70D}"
EndProject
Global
	GlobalSection(SolutionConfigurationPlatforms) = preSolution
		Debug|Any CPU = Debug|Any CPU
		Release|Any CPU = Release|Any CPU
	EndGlobalSection
	GlobalSection(ProjectConfigurationPlatforms) = postSolution
		{B7898535-4859-4A1E-8384-ED89A69A316F}.Debug|Any CPU.ActiveCfg = Debug|Any CPU
		{B7898535-4859-4A1E-8384-ED89A69A316F}.Debug|Any CPU.Build.0 = Debug|Any CPU
		{B7898535-4859-4A1E-8384-ED89A69A316F}.Release|Any CPU.ActiveCfg = Release|Any CPU
		{B7898535-4859-4A1E-8384-ED89A69A316F}.Release|Any CPU.Build.0 = Release|Any CPU
		{C44F583A-7DDE-45BD-B9A0-D784F9E43502}.Debug|Any CPU.ActiveCfg = Debug|Any CPU
		{C44F583A-7DDE-45BD-B9A0-D784F9E43502}.Debug|Any CPU.Build.0 = Debug|Any CPU
		{C44F583A-7DDE-45BD-B9A0-D784F9E43502}.Release|Any CPU.ActiveCfg = Release|Any CPU
		{C44F583A-7DDE-45BD-B9A0-D784F9E43502}.Release|Any CPU.Build.0 = Release|Any CPU
		{379BCBE3-A69E-4FF7-A889-F174E76C7D7A}.Debug|Any CPU.ActiveCfg = Debug|Any CPU
		{379BCBE3-A69E-4FF7-A889-F174E76C7D7A}.Debug|Any CPU.Build.0 = Debug|Any CPU
		{379BCBE3-A69E-4FF7-A889-F174E76C7D7A}.Release|Any CPU.ActiveCfg = Release|Any CPU
		{379BCBE3-A69E-4FF7-A889-F174E76C7D7A}.Release|Any CPU.Build.0 = Release|Any CPU
		{A73CB702-AE9C-489F-91DF-321164DEC70D}.Debug|Any CPU.ActiveCfg = Debug|Any CPU
		{A73CB702-AE9C-489F-91DF-321164DEC70D}.Debug|Any CPU.Build.0 = Debug|Any CPU
		{A73CB702-AE9C-489F-91DF-321164DEC70D}.Release|Any CPU.ActiveCfg = Release|Any CPU
		{A73CB702-AE9C-489F-91DF-321164DEC70D}.Release|Any CPU.Build.0 = Release|Any CPU
	EndGlobalSection
EndGlobal
